
Microsoft Visual Studio Solution File, Format Version 12.00
# Visual Studio 2012
Project("{FAE04EC0-301F-11D3-BF4B-00C04F79EFBC}") = "cloudSightXamarin", "cloudSightXamarin\cloudSightXamarin.csproj", "{5DAC23ED-7558-4828-AAF2-82F6CE2CAA12}"
EndProject
Project("{FAE04EC0-301F-11D3-BF4B-00C04F79EFBC}") = "cloudSightXamarin.UITests", "cloudSightXamarin.UITests\cloudSightXamarin.UITests.csproj", "{EED95218-8495-4FC1-90B5-11497DFF07E5}"
EndProject
Global
	GlobalSection(SolutionConfigurationPlatforms) = preSolution
		Debug|iPhoneSimulator = Debug|iPhoneSimulator
		Release|iPhone = Release|iPhone
		Release|iPhoneSimulator = Release|iPhoneSimulator
		Debug|iPhone = Debug|iPhone
		Debug|Any CPU = Debug|Any CPU
		Release|Any CPU = Release|Any CPU
	EndGlobalSection
	GlobalSection(ProjectConfigurationPlatforms) = postSolution
		{5DAC23ED-7558-4828-AAF2-82F6CE2CAA12}.Debug|Any CPU.ActiveCfg = Debug|iPhoneSimulator
		{5DAC23ED-7558-4828-AAF2-82F6CE2CAA12}.Debug|Any CPU.Build.0 = Debug|iPhoneSimulator
		{5DAC23ED-7558-4828-AAF2-82F6CE2CAA12}.Debug|iPhone.ActiveCfg = Debug|iPhone
		{5DAC23ED-7558-4828-AAF2-82F6CE2CAA12}.Debug|iPhone.Build.0 = Debug|iPhone
		{5DAC23ED-7558-4828-AAF2-82F6CE2CAA12}.Debug|iPhoneSimulator.ActiveCfg = Debug|iPhoneSimulator
		{5DAC23ED-7558-4828-AAF2-82F6CE2CAA12}.Debug|iPhoneSimulator.Build.0 = Debug|iPhoneSimulator
		{5DAC23ED-7558-4828-AAF2-82F6CE2CAA12}.Release|Any CPU.ActiveCfg = Release|iPhone
		{5DAC23ED-7558-4828-AAF2-82F6CE2CAA12}.Release|Any CPU.Build.0 = Release|iPhone
		{5DAC23ED-7558-4828-AAF2-82F6CE2CAA12}.Release|iPhone.ActiveCfg = Release|iPhone
		{5DAC23ED-7558-4828-AAF2-82F6CE2CAA12}.Release|iPhone.Build.0 = Release|iPhone
		{5DAC23ED-7558-4828-AAF2-82F6CE2CAA12}.Release|iPhoneSimulator.ActiveCfg = Release|iPhoneSimulator
		{5DAC23ED-7558-4828-AAF2-82F6CE2CAA12}.Release|iPhoneSimulator.Build.0 = Release|iPhoneSimulator
		{EED95218-8495-4FC1-90B5-11497DFF07E5}.Debug|Any CPU.ActiveCfg = Debug|Any CPU
		{EED95218-8495-4FC1-90B5-11497DFF07E5}.Debug|Any CPU.Build.0 = Debug|Any CPU
		{EED95218-8495-4FC1-90B5-11497DFF07E5}.Debug|iPhone.ActiveCfg = Debug|Any CPU
		{EED95218-8495-4FC1-90B5-11497DFF07E5}.Debug|iPhone.Build.0 = Debug|Any CPU
		{EED95218-8495-4FC1-90B5-11497DFF07E5}.Debug|iPhoneSimulator.ActiveCfg = Debug|Any CPU
		{EED95218-8495-4FC1-90B5-11497DFF07E5}.Debug|iPhoneSimulator.Build.0 = Debug|Any CPU
		{EED95218-8495-4FC1-90B5-11497DFF07E5}.Release|Any CPU.ActiveCfg = Release|Any CPU
		{EED95218-8495-4FC1-90B5-11497DFF07E5}.Release|Any CPU.Build.0 = Release|Any CPU
		{EED95218-8495-4FC1-90B5-11497DFF07E5}.Release|iPhone.ActiveCfg = Release|Any CPU
		{EED95218-8495-4FC1-90B5-11497DFF07E5}.Release|iPhone.Build.0 = Release|Any CPU
		{EED95218-8495-4FC1-90B5-11497DFF07E5}.Release|iPhoneSimulator.ActiveCfg = Release|Any CPU
		{EED95218-8495-4FC1-90B5-11497DFF07E5}.Release|iPhoneSimulator.Build.0 = Release|Any CPU
	EndGlobalSection
EndGlobal
